// !$*UTF8*$!
{
	archiveVersion = 1;
	classes = {
	};
	objectVersion = 50;
	objects = {

/* Begin PBXBuildFile section */
		25A28A0A7677AEF303446C8B /* Pods_NEXTTests.framework in Frameworks */ = {isa = PBXBuildFile; fileRef = 5FDECA1DCF18817D50ED00FB /* Pods_NEXTTests.framework */; };
		463C97CDE6A87C8284EBA2AD /* Pods_NEXT.framework in Frameworks */ = {isa = PBXBuildFile; fileRef = C5C8ECC6F6AE7DC4DD59719C /* Pods_NEXT.framework */; };
		7300B81A2285350300BD6FA9 /* AppDelegate.swift in Sources */ = {isa = PBXBuildFile; fileRef = 7300B8192285350300BD6FA9 /* AppDelegate.swift */; };
		7300B81C2285350300BD6FA9 /* ViewController.swift in Sources */ = {isa = PBXBuildFile; fileRef = 7300B81B2285350300BD6FA9 /* ViewController.swift */; };
		7300B81F2285350300BD6FA9 /* Main.storyboard in Resources */ = {isa = PBXBuildFile; fileRef = 7300B81D2285350300BD6FA9 /* Main.storyboard */; };
		7300B8212285350400BD6FA9 /* Assets.xcassets in Resources */ = {isa = PBXBuildFile; fileRef = 7300B8202285350400BD6FA9 /* Assets.xcassets */; };
		7300B8242285350400BD6FA9 /* LaunchScreen.storyboard in Resources */ = {isa = PBXBuildFile; fileRef = 7300B8222285350400BD6FA9 /* LaunchScreen.storyboard */; };
		7300B82F2285350500BD6FA9 /* NEXTTests.swift in Sources */ = {isa = PBXBuildFile; fileRef = 7300B82E2285350500BD6FA9 /* NEXTTests.swift */; };
		7300B83A2285350500BD6FA9 /* NEXTUITests.swift in Sources */ = {isa = PBXBuildFile; fileRef = 7300B8392285350500BD6FA9 /* NEXTUITests.swift */; };
		7300B8852287D33700BD6FA9 /* nextMain.swift in Sources */ = {isa = PBXBuildFile; fileRef = 7300B8842287D33700BD6FA9 /* nextMain.swift */; };
		7300B8872287D36D00BD6FA9 /* nextAdd.swift in Sources */ = {isa = PBXBuildFile; fileRef = 7300B8862287D36D00BD6FA9 /* nextAdd.swift */; };
		7300B8892287D3AD00BD6FA9 /* nextDetail.swift in Sources */ = {isa = PBXBuildFile; fileRef = 7300B8882287D3AD00BD6FA9 /* nextDetail.swift */; };
		7300B88B2287D40000BD6FA9 /* question.swift in Sources */ = {isa = PBXBuildFile; fileRef = 7300B88A2287D40000BD6FA9 /* question.swift */; };
		7300B8912287D58F00BD6FA9 /* ideaPaint.swift in Sources */ = {isa = PBXBuildFile; fileRef = 7300B8902287D58F00BD6FA9 /* ideaPaint.swift */; };
		7300B8932287D96500BD6FA9 /* ideaCollection.swift in Sources */ = {isa = PBXBuildFile; fileRef = 7300B8922287D96500BD6FA9 /* ideaCollection.swift */; };
		7300B8962287D9C400BD6FA9 /* object.swift in Sources */ = {isa = PBXBuildFile; fileRef = 7300B8952287D9C400BD6FA9 /* object.swift */; };
		73B349A32293E51500E84535 /* toDoList.swift in Sources */ = {isa = PBXBuildFile; fileRef = 73B349A22293E51500E84535 /* toDoList.swift */; };
		B3B1D04BCAB7609A3D366FDE /* Pods_NEXTUITests.framework in Frameworks */ = {isa = PBXBuildFile; fileRef = 970CEA5A5EF7CA781FE3AA1A /* Pods_NEXTUITests.framework */; };
/* End PBXBuildFile section */

/* Begin PBXContainerItemProxy section */
		7300B82B2285350500BD6FA9 /* PBXContainerItemProxy */ = {
			isa = PBXContainerItemProxy;
			containerPortal = 7300B80E2285350300BD6FA9 /* Project object */;
			proxyType = 1;
			remoteGlobalIDString = 7300B8152285350300BD6FA9;
			remoteInfo = NEXT;
		};
		7300B8362285350500BD6FA9 /* PBXContainerItemProxy */ = {
			isa = PBXContainerItemProxy;
			containerPortal = 7300B80E2285350300BD6FA9 /* Project object */;
			proxyType = 1;
			remoteGlobalIDString = 7300B8152285350300BD6FA9;
			remoteInfo = NEXT;
		};
/* End PBXContainerItemProxy section */

/* Begin PBXFileReference section */
		081506B9279CF943A98921AE /* Pods-NEXTUITests.release.xcconfig */ = {isa = PBXFileReference; includeInIndex = 1; lastKnownFileType = text.xcconfig; name = "Pods-NEXTUITests.release.xcconfig"; path = "Target Support Files/Pods-NEXTUITests/Pods-NEXTUITests.release.xcconfig"; sourceTree = "<group>"; };
		1566807E19A6259269A1D91A /* Pods-NEXT.debug.xcconfig */ = {isa = PBXFileReference; includeInIndex = 1; lastKnownFileType = text.xcconfig; name = "Pods-NEXT.debug.xcconfig"; path = "Target Support Files/Pods-NEXT/Pods-NEXT.debug.xcconfig"; sourceTree = "<group>"; };
		42177C486992B3C344123C75 /* Pods-NEXTTests.release.xcconfig */ = {isa = PBXFileReference; includeInIndex = 1; lastKnownFileType = text.xcconfig; name = "Pods-NEXTTests.release.xcconfig"; path = "Target Support Files/Pods-NEXTTests/Pods-NEXTTests.release.xcconfig"; sourceTree = "<group>"; };
		5FDECA1DCF18817D50ED00FB /* Pods_NEXTTests.framework */ = {isa = PBXFileReference; explicitFileType = wrapper.framework; includeInIndex = 0; path = Pods_NEXTTests.framework; sourceTree = BUILT_PRODUCTS_DIR; };
		67FC383B300E1D007C980B86 /* Pods-NEXTTests.debug.xcconfig */ = {isa = PBXFileReference; includeInIndex = 1; lastKnownFileType = text.xcconfig; name = "Pods-NEXTTests.debug.xcconfig"; path = "Target Support Files/Pods-NEXTTests/Pods-NEXTTests.debug.xcconfig"; sourceTree = "<group>"; };
		7300B8162285350300BD6FA9 /* NEXT.app */ = {isa = PBXFileReference; explicitFileType = wrapper.application; includeInIndex = 0; path = NEXT.app; sourceTree = BUILT_PRODUCTS_DIR; };
		7300B8192285350300BD6FA9 /* AppDelegate.swift */ = {isa = PBXFileReference; lastKnownFileType = sourcecode.swift; path = AppDelegate.swift; sourceTree = "<group>"; };
		7300B81B2285350300BD6FA9 /* ViewController.swift */ = {isa = PBXFileReference; lastKnownFileType = sourcecode.swift; path = ViewController.swift; sourceTree = "<group>"; };
		7300B81E2285350300BD6FA9 /* Base */ = {isa = PBXFileReference; lastKnownFileType = file.storyboard; name = Base; path = Base.lproj/Main.storyboard; sourceTree = "<group>"; };
		7300B8202285350400BD6FA9 /* Assets.xcassets */ = {isa = PBXFileReference; lastKnownFileType = folder.assetcatalog; path = Assets.xcassets; sourceTree = "<group>"; };
		7300B8232285350400BD6FA9 /* Base */ = {isa = PBXFileReference; lastKnownFileType = file.storyboard; name = Base; path = Base.lproj/LaunchScreen.storyboard; sourceTree = "<group>"; };
		7300B8252285350400BD6FA9 /* Info.plist */ = {isa = PBXFileReference; lastKnownFileType = text.plist.xml; path = Info.plist; sourceTree = "<group>"; };
		7300B82A2285350500BD6FA9 /* NEXTTests.xctest */ = {isa = PBXFileReference; explicitFileType = wrapper.cfbundle; includeInIndex = 0; path = NEXTTests.xctest; sourceTree = BUILT_PRODUCTS_DIR; };
		7300B82E2285350500BD6FA9 /* NEXTTests.swift */ = {isa = PBXFileReference; lastKnownFileType = sourcecode.swift; path = NEXTTests.swift; sourceTree = "<group>"; };
		7300B8302285350500BD6FA9 /* Info.plist */ = {isa = PBXFileReference; lastKnownFileType = text.plist.xml; path = Info.plist; sourceTree = "<group>"; };
		7300B8352285350500BD6FA9 /* NEXTUITests.xctest */ = {isa = PBXFileReference; explicitFileType = wrapper.cfbundle; includeInIndex = 0; path = NEXTUITests.xctest; sourceTree = BUILT_PRODUCTS_DIR; };
		7300B8392285350500BD6FA9 /* NEXTUITests.swift */ = {isa = PBXFileReference; lastKnownFileType = sourcecode.swift; path = NEXTUITests.swift; sourceTree = "<group>"; };
		7300B83B2285350500BD6FA9 /* Info.plist */ = {isa = PBXFileReference; lastKnownFileType = text.plist.xml; path = Info.plist; sourceTree = "<group>"; };
		7300B8842287D33700BD6FA9 /* nextMain.swift */ = {isa = PBXFileReference; lastKnownFileType = sourcecode.swift; path = nextMain.swift; sourceTree = "<group>"; };
		7300B8862287D36D00BD6FA9 /* nextAdd.swift */ = {isa = PBXFileReference; lastKnownFileType = sourcecode.swift; path = nextAdd.swift; sourceTree = "<group>"; };
		7300B8882287D3AD00BD6FA9 /* nextDetail.swift */ = {isa = PBXFileReference; lastKnownFileType = sourcecode.swift; path = nextDetail.swift; sourceTree = "<group>"; };
		7300B88A2287D40000BD6FA9 /* question.swift */ = {isa = PBXFileReference; lastKnownFileType = sourcecode.swift; path = question.swift; sourceTree = "<group>"; };
		7300B8902287D58F00BD6FA9 /* ideaPaint.swift */ = {isa = PBXFileReference; lastKnownFileType = sourcecode.swift; path = ideaPaint.swift; sourceTree = "<group>"; };
		7300B8922287D96500BD6FA9 /* ideaCollection.swift */ = {isa = PBXFileReference; lastKnownFileType = sourcecode.swift; name = ideaCollection.swift; path = "/Users/sasakurakazuya/Dropbox/ios/NEXT/NEXT/アイデアストック/ideaCollection.swift"; sourceTree = "<absolute>"; };
		7300B8952287D9C400BD6FA9 /* object.swift */ = {isa = PBXFileReference; lastKnownFileType = sourcecode.swift; path = object.swift; sourceTree = "<group>"; };
		73B349A22293E51500E84535 /* toDoList.swift */ = {isa = PBXFileReference; lastKnownFileType = sourcecode.swift; name = toDoList.swift; path = NEXT/NEXT/toDoList.swift; sourceTree = SOURCE_ROOT; };
		970CEA5A5EF7CA781FE3AA1A /* Pods_NEXTUITests.framework */ = {isa = PBXFileReference; explicitFileType = wrapper.framework; includeInIndex = 0; path = Pods_NEXTUITests.framework; sourceTree = BUILT_PRODUCTS_DIR; };
		9A9F2113A134BCD732F79F21 /* Pods-NEXT.release.xcconfig */ = {isa = PBXFileReference; includeInIndex = 1; lastKnownFileType = text.xcconfig; name = "Pods-NEXT.release.xcconfig"; path = "Target Support Files/Pods-NEXT/Pods-NEXT.release.xcconfig"; sourceTree = "<group>"; };
		C5C8ECC6F6AE7DC4DD59719C /* Pods_NEXT.framework */ = {isa = PBXFileReference; explicitFileType = wrapper.framework; includeInIndex = 0; path = Pods_NEXT.framework; sourceTree = BUILT_PRODUCTS_DIR; };
		D46364E59047630B3C077E11 /* Pods-NEXTUITests.debug.xcconfig */ = {isa = PBXFileReference; includeInIndex = 1; lastKnownFileType = text.xcconfig; name = "Pods-NEXTUITests.debug.xcconfig"; path = "Target Support Files/Pods-NEXTUITests/Pods-NEXTUITests.debug.xcconfig"; sourceTree = "<group>"; };
/* End PBXFileReference section */

/* Begin PBXFrameworksBuildPhase section */
		7300B8132285350300BD6FA9 /* Frameworks */ = {
			isa = PBXFrameworksBuildPhase;
			buildActionMask = 2147483647;
			files = (
				463C97CDE6A87C8284EBA2AD /* Pods_NEXT.framework in Frameworks */,
			);
			runOnlyForDeploymentPostprocessing = 0;
		};
		7300B8272285350500BD6FA9 /* Frameworks */ = {
			isa = PBXFrameworksBuildPhase;
			buildActionMask = 2147483647;
			files = (
				25A28A0A7677AEF303446C8B /* Pods_NEXTTests.framework in Frameworks */,
			);
			runOnlyForDeploymentPostprocessing = 0;
		};
		7300B8322285350500BD6FA9 /* Frameworks */ = {
			isa = PBXFrameworksBuildPhase;
			buildActionMask = 2147483647;
			files = (
				B3B1D04BCAB7609A3D366FDE /* Pods_NEXTUITests.framework in Frameworks */,
			);
			runOnlyForDeploymentPostprocessing = 0;
		};
/* End PBXFrameworksBuildPhase section */

/* Begin PBXGroup section */
		4D606DCE105BE40B731307E0 /* Pods */ = {
			isa = PBXGroup;
			children = (
				1566807E19A6259269A1D91A /* Pods-NEXT.debug.xcconfig */,
				9A9F2113A134BCD732F79F21 /* Pods-NEXT.release.xcconfig */,
				67FC383B300E1D007C980B86 /* Pods-NEXTTests.debug.xcconfig */,
				42177C486992B3C344123C75 /* Pods-NEXTTests.release.xcconfig */,
				D46364E59047630B3C077E11 /* Pods-NEXTUITests.debug.xcconfig */,
				081506B9279CF943A98921AE /* Pods-NEXTUITests.release.xcconfig */,
			);
			path = Pods;
			sourceTree = "<group>";
		};
		7300B80D2285350300BD6FA9 = {
			isa = PBXGroup;
			children = (
				7300B8182285350300BD6FA9 /* NEXT */,
				7300B82D2285350500BD6FA9 /* NEXTTests */,
				7300B8382285350500BD6FA9 /* NEXTUITests */,
				7300B8172285350300BD6FA9 /* Products */,
				4D606DCE105BE40B731307E0 /* Pods */,
				F400E51624E7EEF8E1D441AC /* Frameworks */,
			);
			sourceTree = "<group>";
		};
		7300B8172285350300BD6FA9 /* Products */ = {
			isa = PBXGroup;
			children = (
				7300B8162285350300BD6FA9 /* NEXT.app */,
				7300B82A2285350500BD6FA9 /* NEXTTests.xctest */,
				7300B8352285350500BD6FA9 /* NEXTUITests.xctest */,
			);
			name = Products;
			sourceTree = "<group>";
		};
		7300B8182285350300BD6FA9 /* NEXT */ = {
			isa = PBXGroup;
			children = (
				7300B8192285350300BD6FA9 /* AppDelegate.swift */,
				7300B81B2285350300BD6FA9 /* ViewController.swift */,
				7300B8942287D99600BD6FA9 /* Database */,
				7300B84722856AB600BD6FA9 /* NEXT */,
				7300B84822856AD000BD6FA9 /* アイデアストック */,
				7300B84922856AE800BD6FA9 /* Qiitaで質問 */,
				7300B81D2285350300BD6FA9 /* Main.storyboard */,
				7300B8202285350400BD6FA9 /* Assets.xcassets */,
				7300B8222285350400BD6FA9 /* LaunchScreen.storyboard */,
				7300B8252285350400BD6FA9 /* Info.plist */,
			);
			path = NEXT;
			sourceTree = "<group>";
		};
		7300B82D2285350500BD6FA9 /* NEXTTests */ = {
			isa = PBXGroup;
			children = (
				7300B82E2285350500BD6FA9 /* NEXTTests.swift */,
				7300B8302285350500BD6FA9 /* Info.plist */,
			);
			path = NEXTTests;
			sourceTree = "<group>";
		};
		7300B8382285350500BD6FA9 /* NEXTUITests */ = {
			isa = PBXGroup;
			children = (
				7300B8392285350500BD6FA9 /* NEXTUITests.swift */,
				7300B83B2285350500BD6FA9 /* Info.plist */,
			);
			path = NEXTUITests;
			sourceTree = "<group>";
		};
		7300B84722856AB600BD6FA9 /* NEXT */ = {
			isa = PBXGroup;
			children = (
				7300B8842287D33700BD6FA9 /* nextMain.swift */,
				7300B8862287D36D00BD6FA9 /* nextAdd.swift */,
				73B349A22293E51500E84535 /* toDoList.swift */,
				7300B8882287D3AD00BD6FA9 /* nextDetail.swift */,
			);
			path = NEXT;
			sourceTree = "<group>";
		};
		7300B84822856AD000BD6FA9 /* アイデアストック */ = {
			isa = PBXGroup;
			children = (
				7300B8922287D96500BD6FA9 /* ideaCollection.swift */,
				7300B8902287D58F00BD6FA9 /* ideaPaint.swift */,
			);
			name = "アイデアストック";
			path = "アイデアストック";
			sourceTree = "<group>";
		};
		7300B84922856AE800BD6FA9 /* Qiitaで質問 */ = {
			isa = PBXGroup;
			children = (
				7300B88A2287D40000BD6FA9 /* question.swift */,
			);
			name = "Qiitaで質問";
			path = "Qiitaで質問";
			sourceTree = "<group>";
		};
		7300B8942287D99600BD6FA9 /* Database */ = {
			isa = PBXGroup;
			children = (
				7300B8952287D9C400BD6FA9 /* object.swift */,
			);
			path = Database;
			sourceTree = "<group>";
		};
		F400E51624E7EEF8E1D441AC /* Frameworks */ = {
			isa = PBXGroup;
			children = (
				C5C8ECC6F6AE7DC4DD59719C /* Pods_NEXT.framework */,
				5FDECA1DCF18817D50ED00FB /* Pods_NEXTTests.framework */,
				970CEA5A5EF7CA781FE3AA1A /* Pods_NEXTUITests.framework */,
			);
			name = Frameworks;
			sourceTree = "<group>";
		};
/* End PBXGroup section */

/* Begin PBXNativeTarget section */
		7300B8152285350300BD6FA9 /* NEXT */ = {
			isa = PBXNativeTarget;
			buildConfigurationList = 7300B83E2285350500BD6FA9 /* Build configuration list for PBXNativeTarget "NEXT" */;
			buildPhases = (
				B1D509E87253E2BFB49D6951 /* [CP] Check Pods Manifest.lock */,
				7300B8122285350300BD6FA9 /* Sources */,
				7300B8132285350300BD6FA9 /* Frameworks */,
				7300B8142285350300BD6FA9 /* Resources */,
				FF457DB64A46B03B84FE984D /* [CP] Embed Pods Frameworks */,
			);
			buildRules = (
			);
			dependencies = (
			);
			name = NEXT;
			productName = NEXT;
			productReference = 7300B8162285350300BD6FA9 /* NEXT.app */;
			productType = "com.apple.product-type.application";
		};
		7300B8292285350500BD6FA9 /* NEXTTests */ = {
			isa = PBXNativeTarget;
			buildConfigurationList = 7300B8412285350500BD6FA9 /* Build configuration list for PBXNativeTarget "NEXTTests" */;
			buildPhases = (
				AE7D4FF50D480545321AD62C /* [CP] Check Pods Manifest.lock */,
				7300B8262285350500BD6FA9 /* Sources */,
				7300B8272285350500BD6FA9 /* Frameworks */,
				7300B8282285350500BD6FA9 /* Resources */,
			);
			buildRules = (
			);
			dependencies = (
				7300B82C2285350500BD6FA9 /* PBXTargetDependency */,
			);
			name = NEXTTests;
			productName = NEXTTests;
			productReference = 7300B82A2285350500BD6FA9 /* NEXTTests.xctest */;
			productType = "com.apple.product-type.bundle.unit-test";
		};
		7300B8342285350500BD6FA9 /* NEXTUITests */ = {
			isa = PBXNativeTarget;
			buildConfigurationList = 7300B8442285350500BD6FA9 /* Build configuration list for PBXNativeTarget "NEXTUITests" */;
			buildPhases = (
				1B07689A3CAF57D1D2CAE860 /* [CP] Check Pods Manifest.lock */,
				7300B8312285350500BD6FA9 /* Sources */,
				7300B8322285350500BD6FA9 /* Frameworks */,
				7300B8332285350500BD6FA9 /* Resources */,
			);
			buildRules = (
			);
			dependencies = (
				7300B8372285350500BD6FA9 /* PBXTargetDependency */,
			);
			name = NEXTUITests;
			productName = NEXTUITests;
			productReference = 7300B8352285350500BD6FA9 /* NEXTUITests.xctest */;
			productType = "com.apple.product-type.bundle.ui-testing";
		};
/* End PBXNativeTarget section */

/* Begin PBXProject section */
		7300B80E2285350300BD6FA9 /* Project object */ = {
			isa = PBXProject;
			attributes = {
				LastSwiftUpdateCheck = 1020;
				LastUpgradeCheck = 1020;
				ORGANIZATIONNAME = "笹倉一也";
				TargetAttributes = {
					7300B8152285350300BD6FA9 = {
						CreatedOnToolsVersion = 10.2;
					};
					7300B8292285350500BD6FA9 = {
						CreatedOnToolsVersion = 10.2;
						TestTargetID = 7300B8152285350300BD6FA9;
					};
					7300B8342285350500BD6FA9 = {
						CreatedOnToolsVersion = 10.2;
						TestTargetID = 7300B8152285350300BD6FA9;
					};
				};
			};
			buildConfigurationList = 7300B8112285350300BD6FA9 /* Build configuration list for PBXProject "NEXT" */;
			compatibilityVersion = "Xcode 9.3";
			developmentRegion = en;
			hasScannedForEncodings = 0;
			knownRegions = (
				en,
				Base,
			);
			mainGroup = 7300B80D2285350300BD6FA9;
			productRefGroup = 7300B8172285350300BD6FA9 /* Products */;
			projectDirPath = "";
			projectRoot = "";
			targets = (
				7300B8152285350300BD6FA9 /* NEXT */,
				7300B8292285350500BD6FA9 /* NEXTTests */,
				7300B8342285350500BD6FA9 /* NEXTUITests */,
			);
		};
/* End PBXProject section */

/* Begin PBXResourcesBuildPhase section */
		7300B8142285350300BD6FA9 /* Resources */ = {
			isa = PBXResourcesBuildPhase;
			buildActionMask = 2147483647;
			files = (
				7300B8242285350400BD6FA9 /* LaunchScreen.storyboard in Resources */,
				7300B8212285350400BD6FA9 /* Assets.xcassets in Resources */,
				7300B81F2285350300BD6FA9 /* Main.storyboard in Resources */,
			);
			runOnlyForDeploymentPostprocessing = 0;
		};
		7300B8282285350500BD6FA9 /* Resources */ = {
			isa = PBXResourcesBuildPhase;
			buildActionMask = 2147483647;
			files = (
			);
			runOnlyForDeploymentPostprocessing = 0;
		};
		7300B8332285350500BD6FA9 /* Resources */ = {
			isa = PBXResourcesBuildPhase;
			buildActionMask = 2147483647;
			files = (
			);
			runOnlyForDeploymentPostprocessing = 0;
		};
/* End PBXResourcesBuildPhase section */

/* Begin PBXShellScriptBuildPhase section */
		1B07689A3CAF57D1D2CAE860 /* [CP] Check Pods Manifest.lock */ = {
			isa = PBXShellScriptBuildPhase;
			buildActionMask = 2147483647;
			files = (
			);
			inputFileListPaths = (
			);
			inputPaths = (
				"${PODS_PODFILE_DIR_PATH}/Podfile.lock",
				"${PODS_ROOT}/Manifest.lock",
			);
			name = "[CP] Check Pods Manifest.lock";
			outputFileListPaths = (
			);
			outputPaths = (
				"$(DERIVED_FILE_DIR)/Pods-NEXTUITests-checkManifestLockResult.txt",
			);
			runOnlyForDeploymentPostprocessing = 0;
			shellPath = /bin/sh;
			shellScript = "diff \"${PODS_PODFILE_DIR_PATH}/Podfile.lock\" \"${PODS_ROOT}/Manifest.lock\" > /dev/null\nif [ $? != 0 ] ; then\n    # print error to STDERR\n    echo \"error: The sandbox is not in sync with the Podfile.lock. Run 'pod install' or update your CocoaPods installation.\" >&2\n    exit 1\nfi\n# This output is used by Xcode 'outputs' to avoid re-running this script phase.\necho \"SUCCESS\" > \"${SCRIPT_OUTPUT_FILE_0}\"\n";
			showEnvVarsInLog = 0;
		};
		AE7D4FF50D480545321AD62C /* [CP] Check Pods Manifest.lock */ = {
			isa = PBXShellScriptBuildPhase;
			buildActionMask = 2147483647;
			files = (
			);
			inputFileListPaths = (
			);
			inputPaths = (
				"${PODS_PODFILE_DIR_PATH}/Podfile.lock",
				"${PODS_ROOT}/Manifest.lock",
			);
			name = "[CP] Check Pods Manifest.lock";
			outputFileListPaths = (
			);
			outputPaths = (
				"$(DERIVED_FILE_DIR)/Pods-NEXTTests-checkManifestLockResult.txt",
			);
			runOnlyForDeploymentPostprocessing = 0;
			shellPath = /bin/sh;
			shellScript = "diff \"${PODS_PODFILE_DIR_PATH}/Podfile.lock\" \"${PODS_ROOT}/Manifest.lock\" > /dev/null\nif [ $? != 0 ] ; then\n    # print error to STDERR\n    echo \"error: The sandbox is not in sync with the Podfile.lock. Run 'pod install' or update your CocoaPods installation.\" >&2\n    exit 1\nfi\n# This output is used by Xcode 'outputs' to avoid re-running this script phase.\necho \"SUCCESS\" > \"${SCRIPT_OUTPUT_FILE_0}\"\n";
			showEnvVarsInLog = 0;
		};
		B1D509E87253E2BFB49D6951 /* [CP] Check Pods Manifest.lock */ = {
			isa = PBXShellScriptBuildPhase;
			buildActionMask = 2147483647;
			files = (
			);
			inputFileListPaths = (
			);
			inputPaths = (
				"${PODS_PODFILE_DIR_PATH}/Podfile.lock",
				"${PODS_ROOT}/Manifest.lock",
			);
			name = "[CP] Check Pods Manifest.lock";
			outputFileListPaths = (
			);
			outputPaths = (
				"$(DERIVED_FILE_DIR)/Pods-NEXT-checkManifestLockResult.txt",
			);
			runOnlyForDeploymentPostprocessing = 0;
			shellPath = /bin/sh;
			shellScript = "diff \"${PODS_PODFILE_DIR_PATH}/Podfile.lock\" \"${PODS_ROOT}/Manifest.lock\" > /dev/null\nif [ $? != 0 ] ; then\n    # print error to STDERR\n    echo \"error: The sandbox is not in sync with the Podfile.lock. Run 'pod install' or update your CocoaPods installation.\" >&2\n    exit 1\nfi\n# This output is used by Xcode 'outputs' to avoid re-running this script phase.\necho \"SUCCESS\" > \"${SCRIPT_OUTPUT_FILE_0}\"\n";
			showEnvVarsInLog = 0;
		};
		FF457DB64A46B03B84FE984D /* [CP] Embed Pods Frameworks */ = {
			isa = PBXShellScriptBuildPhase;
			buildActionMask = 2147483647;
			files = (
			);
			inputFileListPaths = (
			);
			inputPaths = (
				"${PODS_ROOT}/Target Support Files/Pods-NEXT/Pods-NEXT-frameworks.sh",
				"${BUILT_PRODUCTS_DIR}/Realm/Realm.framework",
				"${BUILT_PRODUCTS_DIR}/RealmSwift/RealmSwift.framework",
			);
			name = "[CP] Embed Pods Frameworks";
			outputFileListPaths = (
			);
			outputPaths = (
				"${TARGET_BUILD_DIR}/${FRAMEWORKS_FOLDER_PATH}/Realm.framework",
				"${TARGET_BUILD_DIR}/${FRAMEWORKS_FOLDER_PATH}/RealmSwift.framework",
			);
			runOnlyForDeploymentPostprocessing = 0;
			shellPath = /bin/sh;
			shellScript = "\"${PODS_ROOT}/Target Support Files/Pods-NEXT/Pods-NEXT-frameworks.sh\"\n";
			showEnvVarsInLog = 0;
		};
/* End PBXShellScriptBuildPhase section */

/* Begin PBXSourcesBuildPhase section */
		7300B8122285350300BD6FA9 /* Sources */ = {
			isa = PBXSourcesBuildPhase;
			buildActionMask = 2147483647;
			files = (
				7300B8872287D36D00BD6FA9 /* nextAdd.swift in Sources */,
				73B349A32293E51500E84535 /* toDoList.swift in Sources */,
				7300B8892287D3AD00BD6FA9 /* nextDetail.swift in Sources */,
				7300B81C2285350300BD6FA9 /* ViewController.swift in Sources */,
				7300B8912287D58F00BD6FA9 /* ideaPaint.swift in Sources */,
				7300B81A2285350300BD6FA9 /* AppDelegate.swift in Sources */,
				7300B8852287D33700BD6FA9 /* nextMain.swift in Sources */,
				7300B8932287D96500BD6FA9 /* ideaCollection.swift in Sources */,
				7300B88B2287D40000BD6FA9 /* question.swift in Sources */,
				7300B8962287D9C400BD6FA9 /* object.swift in Sources */,
			);
			runOnlyForDeploymentPostprocessing = 0;
		};
		7300B8262285350500BD6FA9 /* Sources */ = {
			isa = PBXSourcesBuildPhase;
			buildActionMask = 2147483647;
			files = (
				7300B82F2285350500BD6FA9 /* NEXTTests.swift in Sources */,
			);
			runOnlyForDeploymentPostprocessing = 0;
		};
		7300B8312285350500BD6FA9 /* Sources */ = {
			isa = PBXSourcesBuildPhase;
			buildActionMask = 2147483647;
			files = (
				7300B83A2285350500BD6FA9 /* NEXTUITests.swift in Sources */,
			);
			runOnlyForDeploymentPostprocessing = 0;
		};
/* End PBXSourcesBuildPhase section */

/* Begin PBXTargetDependency section */
		7300B82C2285350500BD6FA9 /* PBXTargetDependency */ = {
			isa = PBXTargetDependency;
			target = 7300B8152285350300BD6FA9 /* NEXT */;
			targetProxy = 7300B82B2285350500BD6FA9 /* PBXContainerItemProxy */;
		};
		7300B8372285350500BD6FA9 /* PBXTargetDependency */ = {
			isa = PBXTargetDependency;
			target = 7300B8152285350300BD6FA9 /* NEXT */;
			targetProxy = 7300B8362285350500BD6FA9 /* PBXContainerItemProxy */;
		};
/* End PBXTargetDependency section */

/* Begin PBXVariantGroup section */
		7300B81D2285350300BD6FA9 /* Main.storyboard */ = {
			isa = PBXVariantGroup;
			children = (
				7300B81E2285350300BD6FA9 /* Base */,
			);
			name = Main.storyboard;
			sourceTree = "<group>";
		};
		7300B8222285350400BD6FA9 /* LaunchScreen.storyboard */ = {
			isa = PBXVariantGroup;
			children = (
				7300B8232285350400BD6FA9 /* Base */,
			);
			name = LaunchScreen.storyboard;
			sourceTree = "<group>";
		};
/* End PBXVariantGroup section */

/* Begin XCBuildConfiguration section */
		7300B83C2285350500BD6FA9 /* Debug */ = {
			isa = XCBuildConfiguration;
			buildSettings = {
				ALWAYS_SEARCH_USER_PATHS = NO;
				CLANG_ANALYZER_NONNULL = YES;
				CLANG_ANALYZER_NUMBER_OBJECT_CONVERSION = YES_AGGRESSIVE;
				CLANG_CXX_LANGUAGE_STANDARD = "gnu++14";
				CLANG_CXX_LIBRARY = "libc++";
				CLANG_ENABLE_MODULES = YES;
				CLANG_ENABLE_OBJC_ARC = YES;
				CLANG_ENABLE_OBJC_WEAK = YES;
				CLANG_WARN_BLOCK_CAPTURE_AUTORELEASING = YES;
				CLANG_WARN_BOOL_CONVERSION = YES;
				CLANG_WARN_COMMA = YES;
				CLANG_WARN_CONSTANT_CONVERSION = YES;
				CLANG_WARN_DEPRECATED_OBJC_IMPLEMENTATIONS = YES;
				CLANG_WARN_DIRECT_OBJC_ISA_USAGE = YES_ERROR;
				CLANG_WARN_DOCUMENTATION_COMMENTS = YES;
				CLANG_WARN_EMPTY_BODY = YES;
				CLANG_WARN_ENUM_CONVERSION = YES;
				CLANG_WARN_INFINITE_RECURSION = YES;
				CLANG_WARN_INT_CONVERSION = YES;
				CLANG_WARN_NON_LITERAL_NULL_CONVERSION = YES;
				CLANG_WARN_OBJC_IMPLICIT_RETAIN_SELF = YES;
				CLANG_WARN_OBJC_LITERAL_CONVERSION = YES;
				CLANG_WARN_OBJC_ROOT_CLASS = YES_ERROR;
				CLANG_WARN_RANGE_LOOP_ANALYSIS = YES;
				CLANG_WARN_STRICT_PROTOTYPES = YES;
				CLANG_WARN_SUSPICIOUS_MOVE = YES;
				CLANG_WARN_UNGUARDED_AVAILABILITY = YES_AGGRESSIVE;
				CLANG_WARN_UNREACHABLE_CODE = YES;
				CLANG_WARN__DUPLICATE_METHOD_MATCH = YES;
				CODE_SIGN_IDENTITY = "iPhone Developer";
				COPY_PHASE_STRIP = NO;
				DEBUG_INFORMATION_FORMAT = dwarf;
				ENABLE_STRICT_OBJC_MSGSEND = YES;
				ENABLE_TESTABILITY = YES;
				GCC_C_LANGUAGE_STANDARD = gnu11;
				GCC_DYNAMIC_NO_PIC = NO;
				GCC_NO_COMMON_BLOCKS = YES;
				GCC_OPTIMIZATION_LEVEL = 0;
				GCC_PREPROCESSOR_DEFINITIONS = (
					"DEBUG=1",
					"$(inherited)",
				);
				GCC_WARN_64_TO_32_BIT_CONVERSION = YES;
				GCC_WARN_ABOUT_RETURN_TYPE = YES_ERROR;
				GCC_WARN_UNDECLARED_SELECTOR = YES;
				GCC_WARN_UNINITIALIZED_AUTOS = YES_AGGRESSIVE;
				GCC_WARN_UNUSED_FUNCTION = YES;
				GCC_WARN_UNUSED_VARIABLE = YES;
				IPHONEOS_DEPLOYMENT_TARGET = 12.2;
				MTL_ENABLE_DEBUG_INFO = INCLUDE_SOURCE;
				MTL_FAST_MATH = YES;
				ONLY_ACTIVE_ARCH = YES;
				SDKROOT = iphoneos;
				SWIFT_ACTIVE_COMPILATION_CONDITIONS = DEBUG;
				SWIFT_OPTIMIZATION_LEVEL = "-Onone";
			};
			name = Debug;
		};
		7300B83D2285350500BD6FA9 /* Release */ = {
			isa = XCBuildConfiguration;
			buildSettings = {
				ALWAYS_SEARCH_USER_PATHS = NO;
				CLANG_ANALYZER_NONNULL = YES;
				CLANG_ANALYZER_NUMBER_OBJECT_CONVERSION = YES_AGGRESSIVE;
				CLANG_CXX_LANGUAGE_STANDARD = "gnu++14";
				CLANG_CXX_LIBRARY = "libc++";
				CLANG_ENABLE_MODULES = YES;
				CLANG_ENABLE_OBJC_ARC = YES;
				CLANG_ENABLE_OBJC_WEAK = YES;
				CLANG_WARN_BLOCK_CAPTURE_AUTORELEASING = YES;
				CLANG_WARN_BOOL_CONVERSION = YES;
				CLANG_WARN_COMMA = YES;
				CLANG_WARN_CONSTANT_CONVERSION = YES;
				CLANG_WARN_DEPRECATED_OBJC_IMPLEMENTATIONS = YES;
				CLANG_WARN_DIRECT_OBJC_ISA_USAGE = YES_ERROR;
				CLANG_WARN_DOCUMENTATION_COMMENTS = YES;
				CLANG_WARN_EMPTY_BODY = YES;
				CLANG_WARN_ENUM_CONVERSION = YES;
				CLANG_WARN_INFINITE_RECURSION = YES;
				CLANG_WARN_INT_CONVERSION = YES;
				CLANG_WARN_NON_LITERAL_NULL_CONVERSION = YES;
				CLANG_WARN_OBJC_IMPLICIT_RETAIN_SELF = YES;
				CLANG_WARN_OBJC_LITERAL_CONVERSION = YES;
				CLANG_WARN_OBJC_ROOT_CLASS = YES_ERROR;
				CLANG_WARN_RANGE_LOOP_ANALYSIS = YES;
				CLANG_WARN_STRICT_PROTOTYPES = YES;
				CLANG_WARN_SUSPICIOUS_MOVE = YES;
				CLANG_WARN_UNGUARDED_AVAILABILITY = YES_AGGRESSIVE;
				CLANG_WARN_UNREACHABLE_CODE = YES;
				CLANG_WARN__DUPLICATE_METHOD_MATCH = YES;
				CODE_SIGN_IDENTITY = "iPhone Developer";
				COPY_PHASE_STRIP = NO;
				DEBUG_INFORMATION_FORMAT = "dwarf-with-dsym";
				ENABLE_NS_ASSERTIONS = NO;
				ENABLE_STRICT_OBJC_MSGSEND = YES;
				GCC_C_LANGUAGE_STANDARD = gnu11;
				GCC_NO_COMMON_BLOCKS = YES;
				GCC_WARN_64_TO_32_BIT_CONVERSION = YES;
				GCC_WARN_ABOUT_RETURN_TYPE = YES_ERROR;
				GCC_WARN_UNDECLARED_SELECTOR = YES;
				GCC_WARN_UNINITIALIZED_AUTOS = YES_AGGRESSIVE;
				GCC_WARN_UNUSED_FUNCTION = YES;
				GCC_WARN_UNUSED_VARIABLE = YES;
				IPHONEOS_DEPLOYMENT_TARGET = 12.2;
				MTL_ENABLE_DEBUG_INFO = NO;
				MTL_FAST_MATH = YES;
				SDKROOT = iphoneos;
				SWIFT_COMPILATION_MODE = wholemodule;
				SWIFT_OPTIMIZATION_LEVEL = "-O";
				VALIDATE_PRODUCT = YES;
			};
			name = Release;
		};
		7300B83F2285350500BD6FA9 /* Debug */ = {
			isa = XCBuildConfiguration;
			baseConfigurationReference = 1566807E19A6259269A1D91A /* Pods-NEXT.debug.xcconfig */;
			buildSettings = {
				ASSETCATALOG_COMPILER_APPICON_NAME = AppIcon;
				CODE_SIGN_STYLE = Automatic;
				DEVELOPMENT_TEAM = VNAV5S2KU6;
				INFOPLIST_FILE = NEXT/Info.plist;
				LD_RUNPATH_SEARCH_PATHS = (
					"$(inherited)",
					"@executable_path/Frameworks",
				);
				PRODUCT_BUNDLE_IDENTIFIER = sasakura.company.NEXT;
				PRODUCT_NAME = "$(TARGET_NAME)";
				SWIFT_VERSION = 5.0;
				TARGETED_DEVICE_FAMILY = "1,2";
			};
			name = Debug;
		};
		7300B8402285350500BD6FA9 /* Release */ = {
			isa = XCBuildConfiguration;
			baseConfigurationReference = 9A9F2113A134BCD732F79F21 /* Pods-NEXT.release.xcconfig */;
			buildSettings = {
				ASSETCATALOG_COMPILER_APPICON_NAME = AppIcon;
				CODE_SIGN_STYLE = Automatic;
				DEVELOPMENT_TEAM = VNAV5S2KU6;
				INFOPLIST_FILE = NEXT/Info.plist;
				LD_RUNPATH_SEARCH_PATHS = (
					"$(inherited)",
					"@executable_path/Frameworks",
				);
				PRODUCT_BUNDLE_IDENTIFIER = sasakura.company.NEXT;
				PRODUCT_NAME = "$(TARGET_NAME)";
				SWIFT_VERSION = 5.0;
				TARGETED_DEVICE_FAMILY = "1,2";
			};
			name = Release;
		};
		7300B8422285350500BD6FA9 /* Debug */ = {
			isa = XCBuildConfiguration;
			baseConfigurationReference = 67FC383B300E1D007C980B86 /* Pods-NEXTTests.debug.xcconfig */;
			buildSettings = {
				ALWAYS_EMBED_SWIFT_STANDARD_LIBRARIES = YES;
				BUNDLE_LOADER = "$(TEST_HOST)";
				CODE_SIGN_STYLE = Automatic;
				DEVELOPMENT_TEAM = VNAV5S2KU6;
				INFOPLIST_FILE = NEXTTests/Info.plist;
				LD_RUNPATH_SEARCH_PATHS = (
					"$(inherited)",
					"@executable_path/Frameworks",
					"@loader_path/Frameworks",
				);
				PRODUCT_BUNDLE_IDENTIFIER = sasakura.company.NEXTTests;
				PRODUCT_NAME = "$(TARGET_NAME)";
				SWIFT_VERSION = 5.0;
				TARGETED_DEVICE_FAMILY = "1,2";
				TEST_HOST = "$(BUILT_PRODUCTS_DIR)/NEXT.app/NEXT";
			};
			name = Debug;
		};
		7300B8432285350500BD6FA9 /* Release */ = {
			isa = XCBuildConfiguration;
			baseConfigurationReference = 42177C486992B3C344123C75 /* Pods-NEXTTests.release.xcconfig */;
			buildSettings = {
				ALWAYS_EMBED_SWIFT_STANDARD_LIBRARIES = YES;
				BUNDLE_LOADER = "$(TEST_HOST)";
				CODE_SIGN_STYLE = Automatic;
				DEVELOPMENT_TEAM = VNAV5S2KU6;
				INFOPLIST_FILE = NEXTTests/Info.plist;
				LD_RUNPATH_SEARCH_PATHS = (
					"$(inherited)",
					"@executable_path/Frameworks",
					"@loader_path/Frameworks",
				);
				PRODUCT_BUNDLE_IDENTIFIER = sasakura.company.NEXTTests;
				PRODUCT_NAME = "$(TARGET_NAME)";
				SWIFT_VERSION = 5.0;
				TARGETED_DEVICE_FAMILY = "1,2";
				TEST_HOST = "$(BUILT_PRODUCTS_DIR)/NEXT.app/NEXT";
			};
			name = Release;
		};
		7300B8452285350500BD6FA9 /* Debug */ = {
			isa = XCBuildConfiguration;
			baseConfigurationReference = D46364E59047630B3C077E11 /* Pods-NEXTUITests.debug.xcconfig */;
			buildSettings = {
				ALWAYS_EMBED_SWIFT_STANDARD_LIBRARIES = YES;
				CODE_SIGN_STYLE = Automatic;
				DEVELOPMENT_TEAM = VNAV5S2KU6;
				INFOPLIST_FILE = NEXTUITests/Info.plist;
				LD_RUNPATH_SEARCH_PATHS = (
					"$(inherited)",
					"@executable_path/Frameworks",
					"@loader_path/Frameworks",
				);
				PRODUCT_BUNDLE_IDENTIFIER = sasakura.company.NEXTUITests;
				PRODUCT_NAME = "$(TARGET_NAME)";
				SWIFT_VERSION = 5.0;
				TARGETED_DEVICE_FAMILY = "1,2";
				TEST_TARGET_NAME = NEXT;
			};
			name = Debug;
		};
		7300B8462285350500BD6FA9 /* Release */ = {
			isa = XCBuildConfiguration;
			baseConfigurationReference = 081506B9279CF943A98921AE /* Pods-NEXTUITests.release.xcconfig */;
			buildSettings = {
				ALWAYS_EMBED_SWIFT_STANDARD_LIBRARIES = YES;
				CODE_SIGN_STYLE = Automatic;
				DEVELOPMENT_TEAM = VNAV5S2KU6;
				INFOPLIST_FILE = NEXTUITests/Info.plist;
				LD_RUNPATH_SEARCH_PATHS = (
					"$(inherited)",
					"@executable_path/Frameworks",
					"@loader_path/Frameworks",
				);
				PRODUCT_BUNDLE_IDENTIFIER = sasakura.company.NEXTUITests;
				PRODUCT_NAME = "$(TARGET_NAME)";
				SWIFT_VERSION = 5.0;
				TARGETED_DEVICE_FAMILY = "1,2";
				TEST_TARGET_NAME = NEXT;
			};
			name = Release;
		};
/* End XCBuildConfiguration section */

/* Begin XCConfigurationList section */
		7300B8112285350300BD6FA9 /* Build configuration list for PBXProject "NEXT" */ = {
			isa = XCConfigurationList;
			buildConfigurations = (
				7300B83C2285350500BD6FA9 /* Debug */,
				7300B83D2285350500BD6FA9 /* Release */,
			);
			defaultConfigurationIsVisible = 0;
			defaultConfigurationName = Release;
		};
		7300B83E2285350500BD6FA9 /* Build configuration list for PBXNativeTarget "NEXT" */ = {
			isa = XCConfigurationList;
			buildConfigurations = (
				7300B83F2285350500BD6FA9 /* Debug */,
				7300B8402285350500BD6FA9 /* Release */,
			);
			defaultConfigurationIsVisible = 0;
			defaultConfigurationName = Release;
		};
		7300B8412285350500BD6FA9 /* Build configuration list for PBXNativeTarget "NEXTTests" */ = {
			isa = XCConfigurationList;
			buildConfigurations = (
				7300B8422285350500BD6FA9 /* Debug */,
				7300B8432285350500BD6FA9 /* Release */,
			);
			defaultConfigurationIsVisible = 0;
			defaultConfigurationName = Release;
		};
		7300B8442285350500BD6FA9 /* Build configuration list for PBXNativeTarget "NEXTUITests" */ = {
			isa = XCConfigurationList;
			buildConfigurations = (
				7300B8452285350500BD6FA9 /* Debug */,
				7300B8462285350500BD6FA9 /* Release */,
			);
			defaultConfigurationIsVisible = 0;
			defaultConfigurationName = Release;
		};
/* End XCConfigurationList section */
	};
	rootObject = 7300B80E2285350300BD6FA9 /* Project object */;
}
